{
  "object": {
    "pins": [
      {
        "package": "abseil",
        "repositoryURL": "https://github.com/firebase/abseil-cpp-SwiftPM.git",
        "state": {
          "branch": null,
          "revision": "fffc3c2729be5747390ad02d5100291a0d9ad26a",
          "version": "0.20200225.4"
        }
      },
      {
        "package": "Alamofire",
        "repositoryURL": "https://github.com/Alamofire/Alamofire.git",
        "state": {
          "branch": null,
          "revision": "75bba56748359f297a83f620d45f72cf4ebee4e7",
          "version": "4.8.2"
        }
      },
      {
        "package": "Cryptor",
        "repositoryURL": "https://github.com/Kitura/BlueCryptor.git",
        "state": {
          "branch": null,
          "revision": "ee5880e031da4c609f372cf7472476ab51d5dd19",
          "version": "1.0.200"
        }
      },
      {
        "package": "Socket",
        "repositoryURL": "https://github.com/Kitura/BlueSocket.git",
        "state": {
          "branch": null,
          "revision": "c9894fd117457f1d006575fbfb2fdfd6f79eac03",
          "version": "1.0.200"
        }
      },
      {
        "package": "SSLService",
        "repositoryURL": "https://github.com/Kitura/BlueSSLService.git",
        "state": {
          "branch": null,
          "revision": "ae5889d2a8b068d2d3ab91ec73aa8f557c03cd8a",
          "version": "1.0.200"
        }
      },
      {
        "package": "BoringSSL-GRPC",
        "repositoryURL": "https://github.com/firebase/boringssl-SwiftPM.git",
        "state": {
          "branch": null,
          "revision": "734a8247442fde37df4364c21f6a0085b6a36728",
          "version": "0.7.2"
        }
      },
      {
        "package": "ChangeResolvers",
        "repositoryURL": "https://github.com/SyncServerII/ChangeResolvers.git",
        "state": {
          "branch": null,
          "revision": "b8f222a0d11b3d859e73f9eeee9b313c5a9938b7",
          "version": "0.2.2"
        }
      },
      {
        "package": "Facebook",
        "repositoryURL": "https://github.com/facebook/facebook-ios-sdk.git",
        "state": {
          "branch": null,
          "revision": "c3d367656ae8ced1149c2c6a5e6b5dd91ecad63c",
          "version": "9.3.0"
        }
      },
      {
        "package": "FileMD5Hash",
        "repositoryURL": "https://github.com/crspybits/FileMD5Hash.git",
        "state": {
          "branch": null,
          "revision": "57861d188514a3e7a90728b1ab91020f3eb32476",
          "version": "2.1.0"
        }
      },
      {
        "package": "Firebase",
        "repositoryURL": "https://github.com/firebase/firebase-ios-sdk.git",
        "state": {
          "branch": null,
          "revision": "b97bfcd2e5eecc7aa7e1aeb27d097d610876cf93",
          "version": "7.11.1"
        }
      },
      {
        "package": "Gifu",
        "repositoryURL": "https://github.com/kaishin/Gifu",
        "state": {
          "branch": null,
          "revision": "51f2eab32903e336f590c013267cfa4d7f8b06c4",
          "version": "3.3.1"
        }
      },
      {
        "package": "GoogleAppMeasurement",
        "repositoryURL": "https://github.com/google/GoogleAppMeasurement.git",
        "state": {
          "branch": null,
          "revision": "22cb3ab5588200b210ae01e42665f52ac4e8ad28",
          "version": "7.11.1"
        }
      },
      {
        "package": "GoogleDataTransport",
        "repositoryURL": "https://github.com/google/GoogleDataTransport.git",
        "state": {
          "branch": null,
          "revision": "369716b8d7518a530ce3c3a251436d72546debd8",
          "version": "8.4.0"
        }
      },
      {
        "package": "GoogleUtilities",
        "repositoryURL": "https://github.com/google/GoogleUtilities.git",
        "state": {
          "branch": null,
          "revision": "5b9fc55628b94740b9666a558570f3a89a626c3d",
          "version": "7.4.2"
        }
      },
      {
        "package": "gRPC",
        "repositoryURL": "https://github.com/firebase/grpc-SwiftPM.git",
        "state": {
          "branch": null,
          "revision": "fb405dd2c7901485f7e158b24e3a0a47e4efd8b5",
          "version": "1.28.4"
        }
      },
      {
        "package": "GTMSessionFetcher",
        "repositoryURL": "https://github.com/google/gtm-session-fetcher.git",
        "state": {
          "branch": null,
          "revision": "91ed3d188eb95705fef3c249453b81f32dc557d1",
          "version": "1.5.0"
        }
      },
      {
        "package": "HeliumLogger",
        "repositoryURL": "https://github.com/IBM-Swift/HeliumLogger.git",
        "state": {
          "branch": null,
          "revision": "55fd2f0b70793017acee853c53cfcf8da0bd8d8d",
          "version": "1.9.200"
        }
      },
      {
        "package": "Hyperconnectivity",
        "repositoryURL": "https://github.com/rwbutler/Hyperconnectivity.git",
        "state": {
          "branch": null,
          "revision": "000171e456c3ea26a2a6fed6b7f363b131862221",
          "version": "1.1.0"
        }
      },
      {
        "package": "InputBarAccessoryView",
        "repositoryURL": "https://github.com/nathantannar4/InputBarAccessoryView",
        "state": {
          "branch": null,
          "revision": "f5e21ad31f7e747ae08eae91b6fc6d2348bb750d",
          "version": "5.3.1"
        }
      },
      {
        "package": "iOSApple",
        "repositoryURL": "http://github.com/SyncServerII/iOSApple.git",
        "state": {
          "branch": null,
          "revision": "dedf5cba3adee1dc6cd1993e0c5baa43483f1c12",
          "version": "0.1.2"
        }
      },
      {
        "package": "iOSBasics",
        "repositoryURL": "http://github.com/SyncServerII/iOSBasics.git",
        "state": {
          "branch": null,
          "revision": "2a7f36d1b4a804ccf004e135d9b42bc0ec340eac",
          "version": "0.29.6"
        }
      },
      {
        "package": "iOSDropbox",
        "repositoryURL": "http://github.com/SyncServerII/iOSDropbox.git",
        "state": {
          "branch": null,
          "revision": "efcb86487c81b0b30eea8e6565b851cd085696d6",
          "version": "0.1.1"
        }
      },
      {
        "package": "iOSFacebook",
        "repositoryURL": "http://github.com/SyncServerII/iOSFacebook.git",
        "state": {
          "branch": null,
          "revision": "df3c03d41c51d5d11b263a3d630b1415335279d9",
          "version": "0.1.3"
        }
      },
      {
        "package": "iOSGoogle",
        "repositoryURL": "http://github.com/SyncServerII/iOSGoogle",
        "state": {
          "branch": null,
          "revision": "427a6ced4f253635b71e1fe07a895cd9d83a83c9",
          "version": "0.3.3"
        }
      },
      {
        "package": "iOSShared",
        "repositoryURL": "http://github.com/SyncServerII/iOSShared.git",
        "state": {
          "branch": null,
          "revision": "4655ac006819e498c047e53f240115f926583c24",
          "version": "0.14.0"
        }
      },
      {
        "package": "iOSSignIn",
        "repositoryURL": "http://github.com/SyncServerII/iOSSIgnIn.git",
        "state": {
          "branch": null,
          "revision": "1636c99ac5701f4b0368295f04ad79ff8cdb9401",
          "version": "0.4.3"
        }
      },
      {
        "package": "KeychainAccess",
        "repositoryURL": "https://github.com/kishikawakatsumi/KeychainAccess.git",
        "state": {
          "branch": null,
          "revision": "84e546727d66f1adc5439debad16270d0fdd04e7",
          "version": "4.2.2"
        }
      },
      {
        "package": "Kitura",
        "repositoryURL": "https://github.com/IBM-Swift/Kitura.git",
        "state": {
          "branch": null,
          "revision": "daf6479097469a0c1fe64755db6e23f788a3ec29",
          "version": "2.9.200"
        }
      },
      {
        "package": "Kitura-Credentials",
        "repositoryURL": "https://github.com/IBM-Swift/Kitura-Credentials.git",
        "state": {
          "branch": null,
          "revision": "9edcb49d50ae57e0065b17e6209c82169aecb207",
          "version": "2.5.200"
        }
      },
      {
        "package": "Kitura-net",
        "repositoryURL": "https://github.com/Kitura/Kitura-net.git",
        "state": {
          "branch": null,
          "revision": "e017a57772eb477c294d72b25ab9ae38d25539f5",
          "version": "2.4.200"
        }
      },
      {
        "package": "Kitura-Session",
        "repositoryURL": "https://github.com/Kitura/Kitura-Session.git",
        "state": {
          "branch": null,
          "revision": "501de45890c6942f263a56145c9bca571002e09f",
          "version": "3.3.201"
        }
      },
      {
        "package": "Kitura-TemplateEngine",
        "repositoryURL": "https://github.com/Kitura/Kitura-TemplateEngine.git",
        "state": {
          "branch": null,
          "revision": "1670b09bfb63b66f7dffff627a06b50492485407",
          "version": "2.0.200"
        }
      },
      {
        "package": "KituraContracts",
        "repositoryURL": "https://github.com/Kitura/KituraContracts.git",
        "state": {
          "branch": null,
          "revision": "8418006e39e2efae9b31ae92721cb597ac29c617",
          "version": "1.2.200"
        }
      },
      {
        "package": "leveldb",
        "repositoryURL": "https://github.com/firebase/leveldb.git",
        "state": {
          "branch": null,
          "revision": "0706abcc6b0bd9cedfbb015ba840e4a780b5159b",
          "version": "1.22.2"
        }
      },
      {
        "package": "LoggerAPI",
        "repositoryURL": "https://github.com/Kitura/LoggerAPI.git",
        "state": {
          "branch": null,
          "revision": "e82d34eab3f0b05391082b11ea07d3b70d2f65bb",
          "version": "1.9.200"
        }
      },
      {
        "package": "MessageKit",
        "repositoryURL": "https://github.com/MessageKit/MessageKit",
        "state": {
          "branch": null,
          "revision": "7ec2a9680af3af0eee06d503362f48ef79374db1",
          "version": "3.6.1"
        }
      },
      {
        "package": "nanopb",
        "repositoryURL": "https://github.com/firebase/nanopb.git",
        "state": {
          "branch": null,
          "revision": "7ee9ef9f627d85cbe1b8c4f49a3ed26eed216c77",
          "version": "2.30908.0"
        }
      },
      {
        "package": "PersistentValue",
        "repositoryURL": "http://github.com/crspybits/PersistentValue.git",
        "state": {
          "branch": null,
          "revision": "ede36cf07a63eec41f5cf100cd907d87e442843a",
          "version": "0.7.1"
        }
      },
      {
        "package": "Promises",
        "repositoryURL": "https://github.com/google/promises.git",
        "state": {
          "branch": null,
          "revision": "afa9a1ace74e116848d4f743599ab83e584ff8cb",
          "version": "1.2.12"
        }
      },
      {
        "package": "RadioGroup",
        "repositoryURL": "https://github.com/yonat/RadioGroup.git",
        "state": {
          "branch": null,
          "revision": "7e4d8b48bf8da1adb27bca49307d1386aa47e3ac",
          "version": "1.4.3"
        }
      },
      {
        "package": "ServerAccount",
        "repositoryURL": "https://github.com/SyncServerII/ServerAccount.git",
        "state": {
          "branch": null,
          "revision": "8dc5b24eb55f97c90bc989fac746302be53a1a0d",
          "version": "0.0.8"
        }
      },
      {
        "package": "ServerShared",
        "repositoryURL": "https://github.com/SyncServerII/ServerShared.git",
        "state": {
          "branch": null,
          "revision": "0cb37a8683b287c82762dd5375eb3e880f8c5398",
          "version": "0.10.7"
        }
      },
      {
        "package": "SFSafeSymbols",
        "repositoryURL": "https://github.com/piknotech/SFSafeSymbols.git",
        "state": {
          "branch": null,
          "revision": "c61de7a6e9eb1520d32316b06d5932accd974e70",
          "version": "2.1.3"
        }
      },
      {
        "package": "SideMenu",
        "repositoryURL": "https://github.com/crspybits/SideMenu.git",
        "state": {
          "branch": null,
          "revision": "9a48389e29bc1abadc3971888e6942811dee06c6",
          "version": "0.1.1"
        }
      },
      {
        "package": "SMLinkPreview",
        "repositoryURL": "https://github.com/crspybits/SMLinkPreview",
        "state": {
          "branch": null,
          "revision": "34802019ba34810431f59bff086b87574e53365c",
          "version": "0.5.0"
        }
      },
      {
        "package": "SQLite.swift",
        "repositoryURL": "https://github.com/SyncServerII/SQLite.swift",
        "state": {
          "branch": "master",
          "revision": "110868cfbd6c37cb21562db6565afaa5f22107e7",
          "version": null
        }
      },
      {
        "package": "SweeterSwift",
        "repositoryURL": "https://github.com/yonat/SweeterSwift",
        "state": {
          "branch": null,
          "revision": "375a2603e98c8b59c53c9d2096f5443d78861bff",
          "version": "1.1.5"
        }
      },
      {
        "package": "swift-log",
        "repositoryURL": "https://github.com/apple/swift-log.git",
        "state": {
          "branch": null,
          "revision": "5d66f7ba25daf4f94100e7022febf3c75e37a6c7",
          "version": "1.4.2"
        }
      },
      {
        "package": "swift-log-file",
        "repositoryURL": "http://github.com/crspybits/swift-log-file.git",
        "state": {
          "branch": null,
          "revision": "aa94b38bf88c7d9cbc87ceafcdffadaffbc2bffa",
          "version": "0.1.0"
        }
      },
      {
        "package": "SwiftProtobuf",
        "repositoryURL": "https://github.com/apple/swift-protobuf.git",
        "state": {
          "branch": null,
          "revision": "1f62db409f2c9b0223a3f68567b4a01333aae778",
          "version": "1.17.0"
        }
      },
      {
        "package": "Introspect",
        "repositoryURL": "https://github.com/siteline/SwiftUI-Introspect.git",
        "state": {
          "branch": null,
          "revision": "2e09be8af614401bc9f87d40093ec19ce56ccaf2",
          "version": "0.1.3"
        }
      },
      {
        "package": "SwiftUIRefresh",
        "repositoryURL": "https://github.com/timbersoftware/SwiftUIRefresh.git",
        "state": {
          "branch": null,
          "revision": "fa8fac7b5eb5c729983a8bef65f094b5e0d12014",
          "version": "0.0.3"
        }
      },
      {
        "package": "SwiftyDropbox",
        "repositoryURL": "https://github.com/dropbox/SwiftyDropbox.git",
        "state": {
          "branch": null,
          "revision": "1a99f77ae123722322af455cb71a96e72eb153e1",
          "version": "6.0.3"
        }
      },
      {
        "package": "SwiftyUserDefaults",
        "repositoryURL": "https://github.com/sunshinejr/SwiftyUserDefaults.git",
        "state": {
          "branch": null,
          "revision": "f66bcd04088582c8fbb5cb8554d577e303bae396",
          "version": "5.3.0"
        }
      },
      {
        "package": "Toucan",
        "repositoryURL": "http://github.com/SyncServerII/Toucan.git",
        "state": {
          "branch": null,
          "revision": "ed0a896d67cf111382add8dcd18d6ed8f8c05daa",
          "version": "1.1.3"
        }
      },
      {
        "package": "TypeDecoder",
        "repositoryURL": "https://github.com/Kitura/TypeDecoder.git",
        "state": {
          "branch": null,
          "revision": "28ec01815c0aea9236f92982ca8d351e7112a4a0",
          "version": "1.3.201"
        }
      },
      {
        "package": "Version",
        "repositoryURL": "https://github.com/mrackwitz/Version.git",
        "state": {
          "branch": null,
          "revision": "fd4b0eb5756aa7f1c33977fb626cf37d2140a3a0",
          "version": "0.8.0"
        }
      },
      {
        "package": "XCGLogger",
        "repositoryURL": "https://github.com/DaveWoodCom/XCGLogger.git",
        "state": {
          "branch": null,
          "revision": "a9c4667b247928a29bdd41be2ec2c8d304215a54",
          "version": "7.0.1"
        }
      }
    ]
  },
  "version": 1
}
