{
  "object": {
    "pins": [
      {
        "package": "abseil",
        "repositoryURL": "https://github.com/firebase/abseil-cpp-SwiftPM.git",
        "state": {
          "branch": null,
          "revision": "ff5f5f0a3d3266836b9d722bb73cabdf7057482e",
          "version": "0.20200225.3"
        }
      },
      {
        "package": "Alamofire",
        "repositoryURL": "https://github.com/Alamofire/Alamofire.git",
        "state": {
          "branch": null,
          "revision": "75bba56748359f297a83f620d45f72cf4ebee4e7",
          "version": "4.8.2"
        }
      },
      {
        "package": "Cryptor",
        "repositoryURL": "https://github.com/Kitura/BlueCryptor.git",
        "state": {
          "branch": null,
          "revision": "ee5880e031da4c609f372cf7472476ab51d5dd19",
          "version": "1.0.200"
        }
      },
      {
        "package": "Socket",
        "repositoryURL": "https://github.com/Kitura/BlueSocket.git",
        "state": {
          "branch": null,
          "revision": "c9894fd117457f1d006575fbfb2fdfd6f79eac03",
          "version": "1.0.200"
        }
      },
      {
        "package": "SSLService",
        "repositoryURL": "https://github.com/Kitura/BlueSSLService.git",
        "state": {
          "branch": null,
          "revision": "ae5889d2a8b068d2d3ab91ec73aa8f557c03cd8a",
          "version": "1.0.200"
        }
      },
      {
        "package": "BoringSSL-GRPC",
        "repositoryURL": "https://github.com/firebase/boringssl-SwiftPM.git",
        "state": {
          "branch": null,
          "revision": "6fbad5bf8bd80a36d342bf1693e4423870124d4c",
          "version": "0.0.9"
        }
      },
      {
        "package": "ChangeResolvers",
        "repositoryURL": "https://github.com/SyncServerII/ChangeResolvers.git",
        "state": {
          "branch": null,
          "revision": "e4a82e13f537b6e20bcf3a7647f47452cd6bfce3",
          "version": "0.1.0"
        }
      },
      {
        "package": "Facebook",
        "repositoryURL": "https://github.com/facebook/facebook-ios-sdk.git",
        "state": {
          "branch": null,
          "revision": "82dec0403c32d7b1d93529dcabb9fcb18f0825cc",
          "version": "9.1.0"
        }
      },
      {
        "package": "FileMD5Hash",
        "repositoryURL": "https://github.com/crspybits/FileMD5Hash.git",
        "state": {
          "branch": null,
          "revision": "57861d188514a3e7a90728b1ab91020f3eb32476",
          "version": "2.1.0"
        }
      },
      {
        "package": "Firebase",
        "repositoryURL": "https://github.com/firebase/firebase-ios-sdk.git",
        "state": {
          "branch": null,
          "revision": "6f680dd0c8892a315f354bb861b03c5c38829e56",
          "version": "7.9.1"
        }
      },
      {
        "package": "Gifu",
        "repositoryURL": "https://github.com/kaishin/Gifu",
        "state": {
          "branch": null,
          "revision": "0ffe24744cc3d82ab9edece53670d0352c6d5507",
          "version": "3.3.0"
        }
      },
      {
        "package": "GoogleAppMeasurement",
        "repositoryURL": "https://github.com/google/GoogleAppMeasurement.git",
        "state": {
          "branch": null,
          "revision": "4a30a474eb175ebf3d3ede045614fad99fa9b9bf",
          "version": "7.9.0"
        }
      },
      {
        "package": "GoogleDataTransport",
        "repositoryURL": "https://github.com/google/GoogleDataTransport.git",
        "state": {
          "branch": null,
          "revision": "3615a4ca10961d82ed2b5459cd9a5cb5ebc03ff2",
          "version": "8.3.1"
        }
      },
      {
        "package": "GoogleUtilities",
        "repositoryURL": "https://github.com/google/GoogleUtilities.git",
        "state": {
          "branch": null,
          "revision": "1c47ea135322768023ecdcc9db79bf3df821209f",
          "version": "7.3.0"
        }
      },
      {
        "package": "gRPC",
        "repositoryURL": "https://github.com/firebase/grpc-SwiftPM.git",
        "state": {
          "branch": null,
          "revision": "23034739dda2f3355d081b54c1ab4e9667314b75",
          "version": "1.28.3"
        }
      },
      {
        "package": "GTMSessionFetcher",
        "repositoryURL": "https://github.com/google/gtm-session-fetcher.git",
        "state": {
          "branch": null,
          "revision": "91ed3d188eb95705fef3c249453b81f32dc557d1",
          "version": "1.5.0"
        }
      },
      {
        "package": "HeliumLogger",
        "repositoryURL": "https://github.com/IBM-Swift/HeliumLogger.git",
        "state": {
          "branch": null,
          "revision": "55fd2f0b70793017acee853c53cfcf8da0bd8d8d",
          "version": "1.9.200"
        }
      },
      {
        "package": "Hyperconnectivity",
        "repositoryURL": "https://github.com/rwbutler/Hyperconnectivity.git",
        "state": {
          "branch": null,
          "revision": "000171e456c3ea26a2a6fed6b7f363b131862221",
          "version": "1.1.0"
        }
      },
      {
        "package": "InputBarAccessoryView",
        "repositoryURL": "https://github.com/nathantannar4/InputBarAccessoryView",
        "state": {
          "branch": null,
          "revision": "f5e21ad31f7e747ae08eae91b6fc6d2348bb750d",
          "version": "5.3.1"
        }
      },
      {
        "package": "iOSApple",
        "repositoryURL": "http://github.com/SyncServerII/iOSApple.git",
        "state": {
          "branch": null,
          "revision": "e2b4d335c501a756b37dba91c67e84bdf24138f9",
          "version": "0.1.0"
        }
      },
      {
        "package": "iOSBasics",
        "repositoryURL": "http://github.com/SyncServerII/iOSBasics.git",
        "state": {
          "branch": null,
          "revision": "26216378577f6ce328172bdbbcbf0c5f542a317b",
          "version": "0.21.0"
        }
      },
      {
        "package": "iOSDropbox",
        "repositoryURL": "http://github.com/SyncServerII/iOSDropbox.git",
        "state": {
          "branch": null,
          "revision": "f78664365026108c0ed4a1d89c7b12a336502923",
          "version": "0.1.0"
        }
      },
      {
        "package": "iOSFacebook",
        "repositoryURL": "http://github.com/SyncServerII/iOSFacebook.git",
        "state": {
          "branch": null,
          "revision": "d0ed263717a30596a3cf405c9c8ec6d7a2ee2b18",
          "version": "0.1.2"
        }
      },
      {
        "package": "iOSGoogle",
        "repositoryURL": "http://github.com/SyncServerII/iOSGoogle",
        "state": {
          "branch": null,
          "revision": "38dee7730ab27ae54e28437ebc48e688a842c111",
          "version": "0.3.0"
        }
      },
      {
        "package": "iOSShared",
        "repositoryURL": "http://github.com/SyncServerII/iOSShared.git",
        "state": {
          "branch": null,
          "revision": "15c0bd24e4e5e8cfe753b7f380de0de5d47dff8a",
          "version": "0.10.0"
        }
      },
      {
        "package": "iOSSignIn",
        "repositoryURL": "http://github.com/SyncServerII/iOSSIgnIn.git",
        "state": {
          "branch": null,
          "revision": "a2f362ff79211f3ce258001c1e5a8f192f78070c",
          "version": "0.4.0"
        }
      },
      {
        "package": "KeychainAccess",
        "repositoryURL": "https://github.com/kishikawakatsumi/KeychainAccess.git",
        "state": {
          "branch": null,
          "revision": "84e546727d66f1adc5439debad16270d0fdd04e7",
          "version": "4.2.2"
        }
      },
      {
        "package": "Kitura",
        "repositoryURL": "https://github.com/IBM-Swift/Kitura.git",
        "state": {
          "branch": null,
          "revision": "daf6479097469a0c1fe64755db6e23f788a3ec29",
          "version": "2.9.200"
        }
      },
      {
        "package": "Kitura-Credentials",
        "repositoryURL": "https://github.com/IBM-Swift/Kitura-Credentials.git",
        "state": {
          "branch": null,
          "revision": "9edcb49d50ae57e0065b17e6209c82169aecb207",
          "version": "2.5.200"
        }
      },
      {
        "package": "Kitura-net",
        "repositoryURL": "https://github.com/Kitura/Kitura-net.git",
        "state": {
          "branch": null,
          "revision": "e017a57772eb477c294d72b25ab9ae38d25539f5",
          "version": "2.4.200"
        }
      },
      {
        "package": "Kitura-Session",
        "repositoryURL": "https://github.com/Kitura/Kitura-Session.git",
        "state": {
          "branch": null,
          "revision": "501de45890c6942f263a56145c9bca571002e09f",
          "version": "3.3.201"
        }
      },
      {
        "package": "Kitura-TemplateEngine",
        "repositoryURL": "https://github.com/Kitura/Kitura-TemplateEngine.git",
        "state": {
          "branch": null,
          "revision": "1670b09bfb63b66f7dffff627a06b50492485407",
          "version": "2.0.200"
        }
      },
      {
        "package": "KituraContracts",
        "repositoryURL": "https://github.com/Kitura/KituraContracts.git",
        "state": {
          "branch": null,
          "revision": "8418006e39e2efae9b31ae92721cb597ac29c617",
          "version": "1.2.200"
        }
      },
      {
        "package": "leveldb",
        "repositoryURL": "https://github.com/firebase/leveldb.git",
        "state": {
          "branch": null,
          "revision": "0706abcc6b0bd9cedfbb015ba840e4a780b5159b",
          "version": "1.22.2"
        }
      },
      {
        "package": "LoggerAPI",
        "repositoryURL": "https://github.com/Kitura/LoggerAPI.git",
        "state": {
          "branch": null,
          "revision": "e82d34eab3f0b05391082b11ea07d3b70d2f65bb",
          "version": "1.9.200"
        }
      },
      {
        "package": "MessageKit",
        "repositoryURL": "https://github.com/MessageKit/MessageKit",
        "state": {
          "branch": null,
          "revision": "bdb07821037d7760041c979d7986774a0edb06ef",
          "version": "3.6.0"
        }
      },
      {
        "package": "nanopb",
        "repositoryURL": "https://github.com/firebase/nanopb.git",
        "state": {
          "branch": null,
          "revision": "c2d43e59d8ec880ed261366818f0cacc5c8cc2e6",
          "version": "2.30907.0"
        }
      },
      {
        "package": "PersistentValue",
        "repositoryURL": "http://github.com/crspybits/PersistentValue.git",
        "state": {
          "branch": null,
          "revision": "ede36cf07a63eec41f5cf100cd907d87e442843a",
          "version": "0.7.1"
        }
      },
      {
        "package": "Promises",
        "repositoryURL": "https://github.com/google/promises.git",
        "state": {
          "branch": null,
          "revision": "afa9a1ace74e116848d4f743599ab83e584ff8cb",
          "version": "1.2.12"
        }
      },
      {
        "package": "RadioGroup",
        "repositoryURL": "https://github.com/yonat/RadioGroup.git",
        "state": {
          "branch": null,
          "revision": "7e4d8b48bf8da1adb27bca49307d1386aa47e3ac",
          "version": "1.4.3"
        }
      },
      {
        "package": "ServerAccount",
        "repositoryURL": "https://github.com/SyncServerII/ServerAccount.git",
        "state": {
          "branch": null,
          "revision": "8dc5b24eb55f97c90bc989fac746302be53a1a0d",
          "version": "0.0.8"
        }
      },
      {
        "package": "ServerShared",
        "repositoryURL": "https://github.com/SyncServerII/ServerShared.git",
        "state": {
          "branch": null,
          "revision": "96642c2be2833e9062addaf259fc323a7cabdc9e",
          "version": "0.6.0"
        }
      },
      {
        "package": "SFSafeSymbols",
        "repositoryURL": "https://github.com/piknotech/SFSafeSymbols.git",
        "state": {
          "branch": null,
          "revision": "c61de7a6e9eb1520d32316b06d5932accd974e70",
          "version": "2.1.3"
        }
      },
      {
        "package": "SideMenu",
        "repositoryURL": "https://github.com/crspybits/SideMenu.git",
        "state": {
          "branch": null,
          "revision": "9a48389e29bc1abadc3971888e6942811dee06c6",
          "version": "0.1.1"
        }
      },
      {
        "package": "SMLinkPreview",
        "repositoryURL": "https://github.com/crspybits/SMLinkPreview",
        "state": {
          "branch": null,
          "revision": "34802019ba34810431f59bff086b87574e53365c",
          "version": "0.5.0"
        }
      },
      {
        "package": "SQLite.swift",
        "repositoryURL": "https://github.com/SyncServerII/SQLite.swift",
        "state": {
          "branch": "master",
          "revision": "110868cfbd6c37cb21562db6565afaa5f22107e7",
          "version": null
        }
      },
      {
        "package": "SweeterSwift",
        "repositoryURL": "https://github.com/yonat/SweeterSwift",
        "state": {
          "branch": null,
          "revision": "783afac9c3492e905ab3f5afea4069a737edfc40",
          "version": "1.1.4"
        }
      },
      {
        "package": "swift-log",
        "repositoryURL": "https://github.com/apple/swift-log.git",
        "state": {
          "branch": null,
          "revision": "5d66f7ba25daf4f94100e7022febf3c75e37a6c7",
          "version": "1.4.2"
        }
      },
      {
        "package": "swift-log-file",
        "repositoryURL": "http://github.com/crspybits/swift-log-file.git",
        "state": {
          "branch": null,
          "revision": "aa94b38bf88c7d9cbc87ceafcdffadaffbc2bffa",
          "version": "0.1.0"
        }
      },
      {
        "package": "SwiftProtobuf",
        "repositoryURL": "https://github.com/apple/swift-protobuf.git",
        "state": {
          "branch": null,
          "revision": "e1904bf5a5f79cb7e0ff68a427a53a93b652fcd1",
          "version": "1.15.0"
        }
      },
      {
        "package": "Introspect",
        "repositoryURL": "https://github.com/siteline/SwiftUI-Introspect.git",
        "state": {
          "branch": null,
          "revision": "2e09be8af614401bc9f87d40093ec19ce56ccaf2",
          "version": "0.1.3"
        }
      },
      {
        "package": "SwiftUIRefresh",
        "repositoryURL": "https://github.com/timbersoftware/SwiftUIRefresh.git",
        "state": {
          "branch": null,
          "revision": "fa8fac7b5eb5c729983a8bef65f094b5e0d12014",
          "version": "0.0.3"
        }
      },
      {
        "package": "SwiftyDropbox",
        "repositoryURL": "https://github.com/dropbox/SwiftyDropbox.git",
        "state": {
          "branch": null,
          "revision": "1a99f77ae123722322af455cb71a96e72eb153e1",
          "version": "6.0.3"
        }
      },
      {
        "package": "SwiftyUserDefaults",
        "repositoryURL": "https://github.com/sunshinejr/SwiftyUserDefaults.git",
        "state": {
          "branch": null,
          "revision": "f66bcd04088582c8fbb5cb8554d577e303bae396",
          "version": "5.3.0"
        }
      },
      {
        "package": "Toucan",
        "repositoryURL": "http://github.com/SyncServerII/Toucan.git",
        "state": {
          "branch": null,
          "revision": "ed0a896d67cf111382add8dcd18d6ed8f8c05daa",
          "version": "1.1.3"
        }
      },
      {
        "package": "TypeDecoder",
        "repositoryURL": "https://github.com/Kitura/TypeDecoder.git",
        "state": {
          "branch": null,
          "revision": "a5978582981f7151594bdaf5fe0d3cd9b1d2d0c0",
          "version": "1.3.200"
        }
      },
      {
        "package": "Version",
        "repositoryURL": "https://github.com/mrackwitz/Version.git",
        "state": {
          "branch": null,
          "revision": "fd4b0eb5756aa7f1c33977fb626cf37d2140a3a0",
          "version": "0.8.0"
        }
      },
      {
        "package": "XCGLogger",
        "repositoryURL": "https://github.com/DaveWoodCom/XCGLogger.git",
        "state": {
          "branch": null,
          "revision": "a9c4667b247928a29bdd41be2ec2c8d304215a54",
          "version": "7.0.1"
        }
      }
    ]
  },
  "version": 1
}
